
Microsoft Visual Studio Solution File, Format Version 12.00
# Visual Studio Version 17
VisualStudioVersion = 17.9.34728.123
MinimumVisualStudioVersion = 10.0.40219.1
Project("{FAE04EC0-301F-11D3-BF4B-00C04F79EFBC}") = "OOP_SOLID_DI", "OOP_SOLID_DI\OOP_SOLID_DI.csproj", "{0A49552B-5E97-4F46-BB58-10C6E2AC0550}"
EndProject
Global
	GlobalSection(SolutionConfigurationPlatforms) = preSolution
		Debug|Any CPU = Debug|Any CPU
		Release|Any CPU = Release|Any CPU
	EndGlobalSection
	GlobalSection(ProjectConfigurationPlatforms) = postSolution
		{0A49552B-5E97-4F46-BB58-10C6E2AC0550}.Debug|Any CPU.ActiveCfg = Debug|Any CPU
		{0A49552B-5E97-4F46-BB58-10C6E2AC0550}.Debug|Any CPU.Build.0 = Debug|Any CPU
		{0A49552B-5E97-4F46-BB58-10C6E2AC0550}.Release|Any CPU.ActiveCfg = Release|Any CPU
		{0A49552B-5E97-4F46-BB58-10C6E2AC0550}.Release|Any CPU.Build.0 = Release|Any CPU
	EndGlobalSection
	GlobalSection(SolutionProperties) = preSolution
		HideSolutionNode = FALSE
	EndGlobalSection
	GlobalSection(ExtensibilityGlobals) = postSolution
		SolutionGuid = {376C4FB6-AD15-4B11-90CD-27C253EACE95}
	EndGlobalSection
EndGlobal
